<?xml version="1.0" encoding="UTF-8" standalone="yes" ?>
<CodeBlocks_project_file>
	<FileVersion major="1" minor="6" />
	<Project>
		<Option title="Deribit" />
		<Option pch_mode="2" />
		<Option compiler="gcc" />
		<Build>
			<Target title="Debug">
				<Option output="bin/Debug/Deribit" prefix_auto="1" extension_auto="1" />
				<Option object_output="obj/Debug/" />
				<Option type="1" />
				<Option compiler="gcc" />
				<Compiler>
					<Add option="-g" />
					<Add directory="3rd_library/libcurl/include" />
					<Add directory="3rd_library/libwebsockets-2.4.0/include" />
					<Add directory="3rd_library/jsoncpp/include" />
				</Compiler>
				<Linker>
					<Add option="-lcurl" />
					<Add option="-lwebsockets" />
					<Add library="3rd_library/libcurl/lib/libcurl.so" />
					<Add library="3rd_library/libwebsockets-2.4.0/lib/libwebsockets.so" />
					<Add directory="3rd_library/libcurl/lib" />
					<Add directory="3rd_library/libwebsockets-2.4.0/lib" />
				</Linker>
			</Target>
			<Target title="Release">
				<Option output="bin/Release/Deribit" prefix_auto="1" extension_auto="1" />
				<Option object_output="obj/Release/" />
				<Option type="1" />
				<Option compiler="gcc" />
				<Compiler>
					<Add option="-O2" />
					<Add directory="libcurl/include" />
				</Compiler>
				<Linker>
					<Add option="-s" />
					<Add library="libcurl/lib/libcurl.so" />
					<Add directory="libcurl/lib" />
				</Linker>
			</Target>
		</Build>
		<Compiler>
			<Add option="-Wall" />
			<Add option="-fexceptions" />
		</Compiler>
		<Unit filename="3rd_library/jsoncpp/src/jsoncpp.cpp" />
		<Unit filename="DeribCPP.cpp" />
		<Unit filename="DeribCPP.h" />
		<Unit filename="Derib_websocket.cpp" />
		<Unit filename="Derib_websocket.h" />
		<Unit filename="main.cpp" />
		<Extensions>
			<code_completion />
			<debugger />
		</Extensions>
	</Project>
</CodeBlocks_project_file>
